
Microsoft Visual Studio Solution File, Format Version 12.00
# Visual Studio Version 17
VisualStudioVersion = 17.7.34202.233
MinimumVisualStudioVersion = 10.0.40219.1
Project("{FAE04EC0-301F-11D3-BF4B-00C04F79EFBC}") = "Asignatura_Profesor_Radio_13_7_3_24", "Asignatura_Profesor_Radio_13_7_3_24.csproj", "{9CEB5F23-B867-473E-B95B-2BE6655FE2E7}"
EndProject
Global
	GlobalSection(SolutionConfigurationPlatforms) = preSolution
		Debug|Any CPU = Debug|Any CPU
		Release|Any CPU = Release|Any CPU
	EndGlobalSection
	GlobalSection(ProjectConfigurationPlatforms) = postSolution
		{9CEB5F23-B867-473E-B95B-2BE6655FE2E7}.Debug|Any CPU.ActiveCfg = Debug|Any CPU
		{9CEB5F23-B867-473E-B95B-2BE6655FE2E7}.Debug|Any CPU.Build.0 = Debug|Any CPU
		{9CEB5F23-B867-473E-B95B-2BE6655FE2E7}.Release|Any CPU.ActiveCfg = Release|Any CPU
		{9CEB5F23-B867-473E-B95B-2BE6655FE2E7}.Release|Any CPU.Build.0 = Release|Any CPU
	EndGlobalSection
	GlobalSection(SolutionProperties) = preSolution
		HideSolutionNode = FALSE
	EndGlobalSection
	GlobalSection(ExtensibilityGlobals) = postSolution
		SolutionGuid = {5C351779-D9E9-41BD-9ED4-77E234018C3D}
	EndGlobalSection
EndGlobal
